{
    "_readme": [
        "This file locks the dependencies of your project to a known state",
        "Read more about it at https://getcomposer.org/doc/01-basic-usage.md#installing-dependencies",
        "This file is @generated automatically"
    ],
    "content-hash": "dfd9791bc0461000c948c4aa84076996",
    "packages": [
        {
            "name": "ssovit/tiktok-api",
            "version": "1.1.4",
            "source": {
                "type": "git",
                "url": "https://github.com/ssovit/TikTok-API-PHP.git",
                "reference": "061af4a2ce6251caf629c5d3c7953736c5c1bae9"
            },
            "dist": {
                "type": "zip",
                "url": "https://api.github.com/repos/ssovit/TikTok-API-PHP/zipball/061af4a2ce6251caf629c5d3c7953736c5c1bae9",
                "reference": "061af4a2ce6251caf629c5d3c7953736c5c1bae9",
                "shasum": ""
            },
            "type": "library",
            "autoload": {
                "psr-4": {
                    "Sovit\\": "lib"
                }
            },
            "notification-url": "https://packagist.org/downloads/",
            "license": [
                "MIT"
            ],
            "authors": [
                {
                    "name": "Sovit Tamrakar",
                    "email": "sovit.tamrakar@gmail.com",
                    "homepage": "https://github.com/ssovit/",
                    "role": "Developer"
                }
            ],
            "description": "Unofficial TikTok API for PHP",
            "homepage": "https://github.com/ssovit/TikTok-API-PHP",
            "keywords": [
                "TikTok ",
                "tiktok-api",
                "tiktok-scraper"
            ],
            "support": {
                "email": "sovit.tamrakar@gmail.com",
                "issues": "https://github.com/ssovit/TikTok-API-PHP/issues",
                "source": "https://github.com/ssovit/TikTok-API-PHP"
            },
            "time": "2020-10-27T07:56:15+00:00"
        }
    ],
    "packages-dev": [],
    "aliases": [],
    "minimum-stability": "stable",
    "stability-flags": [],
    "prefer-stable": false,
    "prefer-lowest": false,
    "platform": [],
    "platform-dev": [],
    "plugin-api-version": "2.0.0"
}
